{
  "name": "mopl-content-load-test",
  "version": "1.0.0",
  "lockfileVersion": 3,
  "requires": true,
  "packages": {
    "": {
      "name": "mopl-content-load-test",
      "version": "1.0.0",
      "devDependencies": {
        "@types/k6": "^0.50.0",
        "typescript": "^5.4.0"
      }
    },
    "node_modules/@types/k6": {
      "version": "0.50.1",
      "resolved": "https://registry.npmjs.org/@types/k6/-/k6-0.50.1.tgz",
      "integrity": "sha512-szGVf09jYCvZoaYZcNa8YaGwJFHOVlYUdLfEVXQLLG6RC/XtBqITDlDGbM8YOsnE5Sb6GlQzJGzSLR8eojhnEA==",
      "dev": true,
      "license": "MIT"
    },
    "node_modules/typescript": {
      "version": "5.9.3",
      "resolved": "https://registry.npmjs.org/typescript/-/typescript-5.9.3.tgz",
      "integrity": "sha512-jl1vZzPDinLr9eUt3J/t7V6FgNEw9QjvBPdysz9KfQDD41fQrC2Y4vKQdiaUpFT4bXlb1RHhLpp8wtm6M5TgSw==",
      "dev": true,
      "license": "Apache-2.0",
      "bin": {
        "tsc": "bin/tsc",
        "tsserver": "bin/tsserver"
      },
      "engines": {
        "node": ">=14.17"
      }
    }
  }
}
